
Microsoft Visual Studio Solution File, Format Version 12.00
# Visual Studio 15
VisualStudioVersion = 15.0.28010.2003
MinimumVisualStudioVersion = 10.0.40219.1
Project("{FAE04EC0-301F-11D3-BF4B-00C04F79EFBC}") = "SimpleLibrary", "SimpleLibrary\SimpleLibrary.csproj", "{AD253178-6B91-4928-B7FE-AFE9561D7744}"
EndProject
Global
	GlobalSection(SolutionConfigurationPlatforms) = preSolution
		Debug|Any CPU = Debug|Any CPU
		Release|Any CPU = Release|Any CPU
	EndGlobalSection
	GlobalSection(ProjectConfigurationPlatforms) = postSolution
		{AD253178-6B91-4928-B7FE-AFE9561D7744}.Debug|Any CPU.ActiveCfg = Debug|Any CPU
		{AD253178-6B91-4928-B7FE-AFE9561D7744}.Debug|Any CPU.Build.0 = Debug|Any CPU
		{AD253178-6B91-4928-B7FE-AFE9561D7744}.Release|Any CPU.ActiveCfg = Release|Any CPU
		{AD253178-6B91-4928-B7FE-AFE9561D7744}.Release|Any CPU.Build.0 = Release|Any CPU
	EndGlobalSection
	GlobalSection(SolutionProperties) = preSolution
		HideSolutionNode = FALSE
	EndGlobalSection
	GlobalSection(ExtensibilityGlobals) = postSolution
		SolutionGuid = {F16C2E59-9C0E-4CDE-872F-EF7B07A9A994}
	EndGlobalSection
EndGlobal
